
Microsoft Visual Studio Solution File, Format Version 12.00
# Visual Studio Version 17
VisualStudioVersion = 17.2.32526.322
MinimumVisualStudioVersion = 10.0.40219.1
Project("{FAE04EC0-301F-11D3-BF4B-00C04F79EFBC}") = "CaixaVilaMarilena", "CaixaVilaMarilena\CaixaVilaMarilena.csproj", "{39742AA4-DC7C-4ACE-8CF9-1FFDE0285546}"
EndProject
Global
	GlobalSection(SolutionConfigurationPlatforms) = preSolution
		Debug|Any CPU = Debug|Any CPU
		Release|Any CPU = Release|Any CPU
	EndGlobalSection
	GlobalSection(ProjectConfigurationPlatforms) = postSolution
		{39742AA4-DC7C-4ACE-8CF9-1FFDE0285546}.Debug|Any CPU.ActiveCfg = Debug|Any CPU
		{39742AA4-DC7C-4ACE-8CF9-1FFDE0285546}.Debug|Any CPU.Build.0 = Debug|Any CPU
		{39742AA4-DC7C-4ACE-8CF9-1FFDE0285546}.Release|Any CPU.ActiveCfg = Release|Any CPU
		{39742AA4-DC7C-4ACE-8CF9-1FFDE0285546}.Release|Any CPU.Build.0 = Release|Any CPU
	EndGlobalSection
	GlobalSection(SolutionProperties) = preSolution
		HideSolutionNode = FALSE
	EndGlobalSection
	GlobalSection(ExtensibilityGlobals) = postSolution
		SolutionGuid = {EBDAF4DE-C29E-4A35-B580-D730D0E9C4F2}
	EndGlobalSection
EndGlobal
